
Microsoft Visual Studio Solution File, Format Version 12.00
# Visual Studio 15
VisualStudioVersion = 15.0.28307.572
MinimumVisualStudioVersion = 10.0.40219.1
Project("{9A19103F-16F7-4668-BE54-9A1E7A4F7556}") = "ChatClientLogic", "ChatClientLogic\ChatClientLogic.csproj", "{8E9C4EE6-BF03-482E-8C6B-168F5C945A2F}"
EndProject
Project("{FAE04EC0-301F-11D3-BF4B-00C04F79EFBC}") = "ChatClientGui", "ChatClientGui\ChatClientGui.csproj", "{DBF89AD4-8C0C-41F3-BF1F-C190758D7A14}"
EndProject
Project("{FAE04EC0-301F-11D3-BF4B-00C04F79EFBC}") = "ServerTest", "ServerTest\ServerTest.csproj", "{0FD8C5AE-D7F1-4755-ADF1-88A87EECEA08}"
EndProject
Project("{FAE04EC0-301F-11D3-BF4B-00C04F79EFBC}") = "Common", "Common\Common.csproj", "{42F0D18B-C40B-4A18-8D8C-7D0575E3734C}"
EndProject
Global
	GlobalSection(SolutionConfigurationPlatforms) = preSolution
		Debug|Any CPU = Debug|Any CPU
		Release|Any CPU = Release|Any CPU
	EndGlobalSection
	GlobalSection(ProjectConfigurationPlatforms) = postSolution
		{8E9C4EE6-BF03-482E-8C6B-168F5C945A2F}.Debug|Any CPU.ActiveCfg = Debug|Any CPU
		{8E9C4EE6-BF03-482E-8C6B-168F5C945A2F}.Debug|Any CPU.Build.0 = Debug|Any CPU
		{8E9C4EE6-BF03-482E-8C6B-168F5C945A2F}.Release|Any CPU.ActiveCfg = Release|Any CPU
		{8E9C4EE6-BF03-482E-8C6B-168F5C945A2F}.Release|Any CPU.Build.0 = Release|Any CPU
		{DBF89AD4-8C0C-41F3-BF1F-C190758D7A14}.Debug|Any CPU.ActiveCfg = Debug|Any CPU
		{DBF89AD4-8C0C-41F3-BF1F-C190758D7A14}.Debug|Any CPU.Build.0 = Debug|Any CPU
		{DBF89AD4-8C0C-41F3-BF1F-C190758D7A14}.Release|Any CPU.ActiveCfg = Release|Any CPU
		{DBF89AD4-8C0C-41F3-BF1F-C190758D7A14}.Release|Any CPU.Build.0 = Release|Any CPU
		{0FD8C5AE-D7F1-4755-ADF1-88A87EECEA08}.Debug|Any CPU.ActiveCfg = Debug|Any CPU
		{0FD8C5AE-D7F1-4755-ADF1-88A87EECEA08}.Debug|Any CPU.Build.0 = Debug|Any CPU
		{0FD8C5AE-D7F1-4755-ADF1-88A87EECEA08}.Release|Any CPU.ActiveCfg = Release|Any CPU
		{0FD8C5AE-D7F1-4755-ADF1-88A87EECEA08}.Release|Any CPU.Build.0 = Release|Any CPU
		{42F0D18B-C40B-4A18-8D8C-7D0575E3734C}.Debug|Any CPU.ActiveCfg = Debug|Any CPU
		{42F0D18B-C40B-4A18-8D8C-7D0575E3734C}.Debug|Any CPU.Build.0 = Debug|Any CPU
		{42F0D18B-C40B-4A18-8D8C-7D0575E3734C}.Release|Any CPU.ActiveCfg = Release|Any CPU
		{42F0D18B-C40B-4A18-8D8C-7D0575E3734C}.Release|Any CPU.Build.0 = Release|Any CPU
	EndGlobalSection
	GlobalSection(SolutionProperties) = preSolution
		HideSolutionNode = FALSE
	EndGlobalSection
	GlobalSection(ExtensibilityGlobals) = postSolution
		SolutionGuid = {0CD1CC51-6454-4183-B650-899611FF35CB}
	EndGlobalSection
EndGlobal
